
Microsoft Visual Studio Solution File, Format Version 12.00
Project("{FAE04EC0-301F-11D3-BF4B-00C04F79EFBC}") = "gitIgnore", "gitIgnore\gitIgnore.csproj", "{34EFEDFD-8A8B-4034-B40C-1BE654E2E9EC}"
EndProject
Global
	GlobalSection(SolutionConfigurationPlatforms) = preSolution
		Debug|Any CPU = Debug|Any CPU
		Release|Any CPU = Release|Any CPU
	EndGlobalSection
	GlobalSection(ProjectConfigurationPlatforms) = postSolution
		{34EFEDFD-8A8B-4034-B40C-1BE654E2E9EC}.Debug|Any CPU.ActiveCfg = Debug|Any CPU
		{34EFEDFD-8A8B-4034-B40C-1BE654E2E9EC}.Debug|Any CPU.Build.0 = Debug|Any CPU
		{34EFEDFD-8A8B-4034-B40C-1BE654E2E9EC}.Release|Any CPU.ActiveCfg = Release|Any CPU
		{34EFEDFD-8A8B-4034-B40C-1BE654E2E9EC}.Release|Any CPU.Build.0 = Release|Any CPU
	EndGlobalSection
EndGlobal
